// !$*UTF8*$!
{
	archiveVersion = 1;
	classes = {
	};
	objectVersion = 52;
	objects = {

/* Begin PBXBuildFile section */
		69B212A898A70F4BF2178FB6 /* ScreenSizeUtil.swift in Sources */ = {isa = PBXBuildFile; fileRef = 69B2182F5CEDAE7BE5A60043 /* ScreenSizeUtil.swift */; };
		69B213291D1AC8FB1BE41B9B /* DoorView.swift in Sources */ = {isa = PBXBuildFile; fileRef = 69B21124309D28EEEB831500 /* DoorView.swift */; };
		69B2143138470551E54D7BB4 /* .gitignore in Resources */ = {isa = PBXBuildFile; fileRef = 69B21588375189516723394D /* .gitignore */; };
		69B2148FA7CE167B315009DD /* RTCRenderView.swift in Sources */ = {isa = PBXBuildFile; fileRef = 69B2151CF2434036B9C530AD /* RTCRenderView.swift */; };
		69B21543317FF578D5B44C83 /* GroupViewRepresentation.swift in Sources */ = {isa = PBXBuildFile; fileRef = 69B21C203011FD4D1A733158 /* GroupViewRepresentation.swift */; };
		69B216625AF5E6D97CB3ABEF /* CameraFilter.swift in Sources */ = {isa = PBXBuildFile; fileRef = 69B21F05282248EDD836A476 /* CameraFilter.swift */; };
		69B216A7E69970F26A9AB38C /* P2PViewRepresentation.swift in Sources */ = {isa = PBXBuildFile; fileRef = 69B21DD409B44B03DA15AA1F /* P2PViewRepresentation.swift */; };
		69B21713B94063F6DD8C7855 /* RoomViewRepresentation.swift in Sources */ = {isa = PBXBuildFile; fileRef = 69B211FD47017DF7B39870F0 /* RoomViewRepresentation.swift */; };
		69B2175C7D92B33C2DCF4F84 /* DoorViewRepresentation.swift in Sources */ = {isa = PBXBuildFile; fileRef = 69B21A99EE3D573821A97363 /* DoorViewRepresentation.swift */; };
		69B217B5D355D1CE1C9B0BDA /* TextFieldAlert.swift in Sources */ = {isa = PBXBuildFile; fileRef = 69B21A78D20AE423640DBF91 /* TextFieldAlert.swift */; };
		69B218DE096BAEEA529002FB /* P2PViewList.swift in Sources */ = {isa = PBXBuildFile; fileRef = 69B21F39EA4D0A800193B101 /* P2PViewList.swift */; };
		69B2194EBE26E341E7574734 /* P2PView.swift in Sources */ = {isa = PBXBuildFile; fileRef = 69B21A0AD41F6D521013B82D /* P2PView.swift */; };
		69B21AE4049D2A58898EB15F /* MediaSDKApp.swift in Sources */ = {isa = PBXBuildFile; fileRef = 69B21AA544335CD4945C84FD /* MediaSDKApp.swift */; };
		69B21B5F2737921A8D4C46C6 /* ViewRoomOperationController.swift in Sources */ = {isa = PBXBuildFile; fileRef = 69B216AF67A1D102BAB53E9A /* ViewRoomOperationController.swift */; };
		69B21C75575833A315A97E80 /* TextTipsAlert.swift in Sources */ = {isa = PBXBuildFile; fileRef = 69B217DAA25E99415705B9BD /* TextTipsAlert.swift */; };
		69B21C955829A2F0C32437A5 /* NSUserDefaultsUtils.swift in Sources */ = {isa = PBXBuildFile; fileRef = 69B216AAB283FB13268A3763 /* NSUserDefaultsUtils.swift */; };
		69B21CD6E693EBA3C3E6504E /* CameraSession.swift in Sources */ = {isa = PBXBuildFile; fileRef = 69B2107601C1A014B60A5611 /* CameraSession.swift */; };
		69B21E2B814C3B4D3BEC4A6F /* GroupView.swift in Sources */ = {isa = PBXBuildFile; fileRef = 69B2118708965A63E195C5A8 /* GroupView.swift */; };
		69B21E30EF4402824B9B56D2 /* ContentView.swift in Sources */ = {isa = PBXBuildFile; fileRef = 69B21A530D163B6414974FC5 /* ContentView.swift */; };
		69B21EC30306C07F0B8E9E71 /* RoomViewList.swift in Sources */ = {isa = PBXBuildFile; fileRef = 69B21626FE7F1F7DCE447214 /* RoomViewList.swift */; };
		69B21EF823A5AD8FC7BA6A64 /* RoomView.swift in Sources */ = {isa = PBXBuildFile; fileRef = 69B219BB8C31B7A249EF5F0F /* RoomView.swift */; };
		69B21F7D6EAC039C09D85635 /* JYSystemAuthorityModel.swift in Sources */ = {isa = PBXBuildFile; fileRef = 69B216F52EC2DB9E1337AFEB /* JYSystemAuthorityModel.swift */; };
		F64BC26F282CB4AF0020613F /* WebSocket.framework in Frameworks */ = {isa = PBXBuildFile; fileRef = F64BC26E282CB4AF0020613F /* WebSocket.framework */; };
		F64BC270282CB4AF0020613F /* WebSocket.framework in Embed Frameworks */ = {isa = PBXBuildFile; fileRef = F64BC26E282CB4AF0020613F /* WebSocket.framework */; settings = {ATTRIBUTES = (CodeSignOnCopy, RemoveHeadersOnCopy, ); }; };
		F64D5DED27F595DB00FAEC13 /* Assets.xcassets in Resources */ = {isa = PBXBuildFile; fileRef = F64D5DEC27F595DB00FAEC13 /* Assets.xcassets */; };
		F64D5DF027F595DB00FAEC13 /* Preview Assets.xcassets in Resources */ = {isa = PBXBuildFile; fileRef = F64D5DEF27F595DB00FAEC13 /* Preview Assets.xcassets */; };
		F6537DD2280A4BAA000D1D4D /* WebRTC.xcframework in Frameworks */ = {isa = PBXBuildFile; fileRef = F6537DD0280A4BA1000D1D4D /* WebRTC.xcframework */; };
		F6537DD3280A4BAA000D1D4D /* WebRTC.xcframework in Embed Frameworks */ = {isa = PBXBuildFile; fileRef = F6537DD0280A4BA1000D1D4D /* WebRTC.xcframework */; settings = {ATTRIBUTES = (CodeSignOnCopy, RemoveHeadersOnCopy, ); }; };
		F6A11C67282CDDE8005A8C77 /* MediaRTC.framework in Frameworks */ = {isa = PBXBuildFile; fileRef = F6A11C66282CDDE8005A8C77 /* MediaRTC.framework */; };
		F6A11C68282CDDE8005A8C77 /* MediaRTC.framework in Embed Frameworks */ = {isa = PBXBuildFile; fileRef = F6A11C66282CDDE8005A8C77 /* MediaRTC.framework */; settings = {ATTRIBUTES = (CodeSignOnCopy, RemoveHeadersOnCopy, ); }; };
/* End PBXBuildFile section */

/* Begin PBXCopyFilesBuildPhase section */
		F64D5E2D27F59A7000FAEC13 /* Embed Frameworks */ = {
			isa = PBXCopyFilesBuildPhase;
			buildActionMask = 2147483647;
			dstPath = "";
			dstSubfolderSpec = 10;
			files = (
				F64BC270282CB4AF0020613F /* WebSocket.framework in Embed Frameworks */,
				F6A11C68282CDDE8005A8C77 /* MediaRTC.framework in Embed Frameworks */,
				F6537DD3280A4BAA000D1D4D /* WebRTC.xcframework in Embed Frameworks */,
			);
			name = "Embed Frameworks";
			runOnlyForDeploymentPostprocessing = 0;
		};
/* End PBXCopyFilesBuildPhase section */

/* Begin PBXFileReference section */
		6834E419CACECDD6E1FDEBDA /* Pods-MediaExampleIOS.release.xcconfig */ = {isa = PBXFileReference; includeInIndex = 1; lastKnownFileType = text.xcconfig; name = "Pods-MediaExampleIOS.release.xcconfig"; path = "Target Support Files/Pods-MediaExampleIOS/Pods-MediaExampleIOS.release.xcconfig"; sourceTree = "<group>"; };
		69B2107601C1A014B60A5611 /* CameraSession.swift */ = {isa = PBXFileReference; fileEncoding = 4; lastKnownFileType = sourcecode.swift; path = CameraSession.swift; sourceTree = "<group>"; };
		69B21124309D28EEEB831500 /* DoorView.swift */ = {isa = PBXFileReference; fileEncoding = 4; lastKnownFileType = sourcecode.swift; path = DoorView.swift; sourceTree = "<group>"; };
		69B2118708965A63E195C5A8 /* GroupView.swift */ = {isa = PBXFileReference; fileEncoding = 4; lastKnownFileType = sourcecode.swift; path = GroupView.swift; sourceTree = "<group>"; };
		69B211FD47017DF7B39870F0 /* RoomViewRepresentation.swift */ = {isa = PBXFileReference; fileEncoding = 4; lastKnownFileType = sourcecode.swift; path = RoomViewRepresentation.swift; sourceTree = "<group>"; };
		69B2151CF2434036B9C530AD /* RTCRenderView.swift */ = {isa = PBXFileReference; fileEncoding = 4; lastKnownFileType = sourcecode.swift; path = RTCRenderView.swift; sourceTree = "<group>"; };
		69B21588375189516723394D /* .gitignore */ = {isa = PBXFileReference; lastKnownFileType = file.gitignore; path = .gitignore; sourceTree = "<group>"; };
		69B21626FE7F1F7DCE447214 /* RoomViewList.swift */ = {isa = PBXFileReference; fileEncoding = 4; lastKnownFileType = sourcecode.swift; path = RoomViewList.swift; sourceTree = "<group>"; };
		69B216AAB283FB13268A3763 /* NSUserDefaultsUtils.swift */ = {isa = PBXFileReference; fileEncoding = 4; lastKnownFileType = sourcecode.swift; path = NSUserDefaultsUtils.swift; sourceTree = "<group>"; };
		69B216AF67A1D102BAB53E9A /* ViewRoomOperationController.swift */ = {isa = PBXFileReference; fileEncoding = 4; lastKnownFileType = sourcecode.swift; path = ViewRoomOperationController.swift; sourceTree = "<group>"; };
		69B216F52EC2DB9E1337AFEB /* JYSystemAuthorityModel.swift */ = {isa = PBXFileReference; fileEncoding = 4; lastKnownFileType = sourcecode.swift; path = JYSystemAuthorityModel.swift; sourceTree = "<group>"; };
		69B217DAA25E99415705B9BD /* TextTipsAlert.swift */ = {isa = PBXFileReference; fileEncoding = 4; lastKnownFileType = sourcecode.swift; path = TextTipsAlert.swift; sourceTree = "<group>"; };
		69B2182F5CEDAE7BE5A60043 /* ScreenSizeUtil.swift */ = {isa = PBXFileReference; fileEncoding = 4; lastKnownFileType = sourcecode.swift; path = ScreenSizeUtil.swift; sourceTree = "<group>"; };
		69B219BB8C31B7A249EF5F0F /* RoomView.swift */ = {isa = PBXFileReference; fileEncoding = 4; lastKnownFileType = sourcecode.swift; path = RoomView.swift; sourceTree = "<group>"; };
		69B21A0AD41F6D521013B82D /* P2PView.swift */ = {isa = PBXFileReference; fileEncoding = 4; lastKnownFileType = sourcecode.swift; path = P2PView.swift; sourceTree = "<group>"; };
		69B21A530D163B6414974FC5 /* ContentView.swift */ = {isa = PBXFileReference; fileEncoding = 4; lastKnownFileType = sourcecode.swift; path = ContentView.swift; sourceTree = "<group>"; };
		69B21A78D20AE423640DBF91 /* TextFieldAlert.swift */ = {isa = PBXFileReference; fileEncoding = 4; lastKnownFileType = sourcecode.swift; path = TextFieldAlert.swift; sourceTree = "<group>"; };
		69B21A99EE3D573821A97363 /* DoorViewRepresentation.swift */ = {isa = PBXFileReference; fileEncoding = 4; lastKnownFileType = sourcecode.swift; path = DoorViewRepresentation.swift; sourceTree = "<group>"; };
		69B21AA544335CD4945C84FD /* MediaSDKApp.swift */ = {isa = PBXFileReference; fileEncoding = 4; lastKnownFileType = sourcecode.swift; path = MediaSDKApp.swift; sourceTree = "<group>"; };
		69B21C203011FD4D1A733158 /* GroupViewRepresentation.swift */ = {isa = PBXFileReference; fileEncoding = 4; lastKnownFileType = sourcecode.swift; path = GroupViewRepresentation.swift; sourceTree = "<group>"; };
		69B21DD409B44B03DA15AA1F /* P2PViewRepresentation.swift */ = {isa = PBXFileReference; fileEncoding = 4; lastKnownFileType = sourcecode.swift; path = P2PViewRepresentation.swift; sourceTree = "<group>"; };
		69B21F05282248EDD836A476 /* CameraFilter.swift */ = {isa = PBXFileReference; fileEncoding = 4; lastKnownFileType = sourcecode.swift; path = CameraFilter.swift; sourceTree = "<group>"; };
		69B21F39EA4D0A800193B101 /* P2PViewList.swift */ = {isa = PBXFileReference; fileEncoding = 4; lastKnownFileType = sourcecode.swift; path = P2PViewList.swift; sourceTree = "<group>"; };
		BA60426175ECDADFC53BA250 /* Pods-MediaExampleIOS.debug.xcconfig */ = {isa = PBXFileReference; includeInIndex = 1; lastKnownFileType = text.xcconfig; name = "Pods-MediaExampleIOS.debug.xcconfig"; path = "Target Support Files/Pods-MediaExampleIOS/Pods-MediaExampleIOS.debug.xcconfig"; sourceTree = "<group>"; };
		F64BC26E282CB4AF0020613F /* WebSocket.framework */ = {isa = PBXFileReference; lastKnownFileType = wrapper.framework; path = WebSocket.framework; sourceTree = "<group>"; };
		F64D5DE527F595D700FAEC13 /* MediaExampleIOS.app */ = {isa = PBXFileReference; explicitFileType = wrapper.application; includeInIndex = 0; path = MediaExampleIOS.app; sourceTree = BUILT_PRODUCTS_DIR; };
		F64D5DEC27F595DB00FAEC13 /* Assets.xcassets */ = {isa = PBXFileReference; lastKnownFileType = folder.assetcatalog; path = Assets.xcassets; sourceTree = "<group>"; };
		F64D5DEF27F595DB00FAEC13 /* Preview Assets.xcassets */ = {isa = PBXFileReference; lastKnownFileType = folder.assetcatalog; path = "Preview Assets.xcassets"; sourceTree = "<group>"; };
		F64D5DF127F595DB00FAEC13 /* Info.plist */ = {isa = PBXFileReference; lastKnownFileType = text.plist.xml; path = Info.plist; sourceTree = "<group>"; };
		F6537DD0280A4BA1000D1D4D /* WebRTC.xcframework */ = {isa = PBXFileReference; lastKnownFileType = wrapper.xcframework; path = WebRTC.xcframework; sourceTree = "<group>"; };
		F6A11C66282CDDE8005A8C77 /* MediaRTC.framework */ = {isa = PBXFileReference; lastKnownFileType = wrapper.framework; path = MediaRTC.framework; sourceTree = "<group>"; };
/* End PBXFileReference section */

/* Begin PBXFrameworksBuildPhase section */
		F64D5DE227F595D700FAEC13 /* Frameworks */ = {
			isa = PBXFrameworksBuildPhase;
			buildActionMask = 2147483647;
			files = (
				F64BC26F282CB4AF0020613F /* WebSocket.framework in Frameworks */,
				F6A11C67282CDDE8005A8C77 /* MediaRTC.framework in Frameworks */,
				F6537DD2280A4BAA000D1D4D /* WebRTC.xcframework in Frameworks */,
			);
			runOnlyForDeploymentPostprocessing = 0;
		};
/* End PBXFrameworksBuildPhase section */

/* Begin PBXGroup section */
		69B210FBB900AE96ACCC2FAE /* P2P */ = {
			isa = PBXGroup;
			children = (
				69B21A0AD41F6D521013B82D /* P2PView.swift */,
				69B21F39EA4D0A800193B101 /* P2PViewList.swift */,
				69B21DD409B44B03DA15AA1F /* P2PViewRepresentation.swift */,
				69B216AF67A1D102BAB53E9A /* ViewRoomOperationController.swift */,
			);
			path = P2P;
			sourceTree = "<group>";
		};
		69B2116A850F946EC24BC8D6 /* Room */ = {
			isa = PBXGroup;
			children = (
				69B219BB8C31B7A249EF5F0F /* RoomView.swift */,
				69B21626FE7F1F7DCE447214 /* RoomViewList.swift */,
				69B211FD47017DF7B39870F0 /* RoomViewRepresentation.swift */,
			);
			path = Room;
			sourceTree = "<group>";
		};
		69B212430DD9FBD2BBB2CD3D /* CameraSession */ = {
			isa = PBXGroup;
			children = (
				69B2107601C1A014B60A5611 /* CameraSession.swift */,
			);
			path = CameraSession;
			sourceTree = "<group>";
		};
		69B213665D5F89B9308F3A58 /* View */ = {
			isa = PBXGroup;
			children = (
				69B2151CF2434036B9C530AD /* RTCRenderView.swift */,
				69B217DAA25E99415705B9BD /* TextTipsAlert.swift */,
				69B2182F5CEDAE7BE5A60043 /* ScreenSizeUtil.swift */,
				69B21A78D20AE423640DBF91 /* TextFieldAlert.swift */,
			);
			path = View;
			sourceTree = "<group>";
		};
		69B2151A452434B3057EE307 /* Door */ = {
			isa = PBXGroup;
			children = (
				69B21124309D28EEEB831500 /* DoorView.swift */,
				69B21A99EE3D573821A97363 /* DoorViewRepresentation.swift */,
			);
			path = Door;
			sourceTree = "<group>";
		};
		69B21916D1772094BC4CB6CD /* Group */ = {
			isa = PBXGroup;
			children = (
				69B2118708965A63E195C5A8 /* GroupView.swift */,
				69B21C203011FD4D1A733158 /* GroupViewRepresentation.swift */,
			);
			path = Group;
			sourceTree = "<group>";
		};
		69B21C41AAB1AC7C54FC3570 /* CameraFilter */ = {
			isa = PBXGroup;
			children = (
				69B21F05282248EDD836A476 /* CameraFilter.swift */,
			);
			path = CameraFilter;
			sourceTree = "<group>";
		};
		69B21E41FF67921AAC28FA8E /* Utils */ = {
			isa = PBXGroup;
			children = (
				69B216AAB283FB13268A3763 /* NSUserDefaultsUtils.swift */,
			);
			path = Utils;
			sourceTree = "<group>";
		};
		8C2F78926AE3143BE335DB27 /* Pods */ = {
			isa = PBXGroup;
			children = (
				BA60426175ECDADFC53BA250 /* Pods-MediaExampleIOS.debug.xcconfig */,
				6834E419CACECDD6E1FDEBDA /* Pods-MediaExampleIOS.release.xcconfig */,
			);
			path = Pods;
			sourceTree = "<group>";
		};
		8C2F8C632D462199FCC60065 /* Frameworks */ = {
			isa = PBXGroup;
			children = (
				F6A11C66282CDDE8005A8C77 /* MediaRTC.framework */,
				F64BC26E282CB4AF0020613F /* WebSocket.framework */,
				F6537DD0280A4BA1000D1D4D /* WebRTC.xcframework */,
			);
			name = Frameworks;
			sourceTree = "<group>";
		};
		F64D5DDC27F595D700FAEC13 = {
			isa = PBXGroup;
			children = (
				F64D5DE727F595D700FAEC13 /* MediaExampleIOS */,
				F64D5DE627F595D700FAEC13 /* Products */,
				8C2F78926AE3143BE335DB27 /* Pods */,
				8C2F8C632D462199FCC60065 /* Frameworks */,
				69B21588375189516723394D /* .gitignore */,
			);
			sourceTree = "<group>";
		};
		F64D5DE627F595D700FAEC13 /* Products */ = {
			isa = PBXGroup;
			children = (
				F64D5DE527F595D700FAEC13 /* MediaExampleIOS.app */,
			);
			name = Products;
			sourceTree = "<group>";
		};
		F64D5DE727F595D700FAEC13 /* MediaExampleIOS */ = {
			isa = PBXGroup;
			children = (
				F64D5DEC27F595DB00FAEC13 /* Assets.xcassets */,
				F64D5DF127F595DB00FAEC13 /* Info.plist */,
				F64D5DEE27F595DB00FAEC13 /* Preview Content */,
				69B21C41AAB1AC7C54FC3570 /* CameraFilter */,
				69B212430DD9FBD2BBB2CD3D /* CameraSession */,
				69B21A530D163B6414974FC5 /* ContentView.swift */,
				69B2151A452434B3057EE307 /* Door */,
				69B21916D1772094BC4CB6CD /* Group */,
				69B216F52EC2DB9E1337AFEB /* JYSystemAuthorityModel.swift */,
				69B21AA544335CD4945C84FD /* MediaSDKApp.swift */,
				69B210FBB900AE96ACCC2FAE /* P2P */,
				69B2116A850F946EC24BC8D6 /* Room */,
				69B21E41FF67921AAC28FA8E /* Utils */,
				69B213665D5F89B9308F3A58 /* View */,
			);
			path = MediaExampleIOS;
			sourceTree = "<group>";
		};
		F64D5DEE27F595DB00FAEC13 /* Preview Content */ = {
			isa = PBXGroup;
			children = (
				F64D5DEF27F595DB00FAEC13 /* Preview Assets.xcassets */,
			);
			path = "Preview Content";
			sourceTree = "<group>";
		};
/* End PBXGroup section */

/* Begin PBXNativeTarget section */
		F64D5DE427F595D700FAEC13 /* MediaExampleIOS */ = {
			isa = PBXNativeTarget;
			buildConfigurationList = F64D5DF427F595DB00FAEC13 /* Build configuration list for PBXNativeTarget "MediaExampleIOS" */;
			buildPhases = (
				F7CEB457DA6652A84BED5EF2 /* [CP] Check Pods Manifest.lock */,
				F64D5DE127F595D700FAEC13 /* Sources */,
				F64D5DE227F595D700FAEC13 /* Frameworks */,
				F64D5DE327F595D700FAEC13 /* Resources */,
				F64D5E2D27F59A7000FAEC13 /* Embed Frameworks */,
				6866F1C9C8E47683D79AD74D /* [CP] Embed Pods Frameworks */,
			);
			buildRules = (
			);
			dependencies = (
			);
			name = MediaExampleIOS;
			productName = MediaExampleIOS;
			productReference = F64D5DE527F595D700FAEC13 /* MediaExampleIOS.app */;
			productType = "com.apple.product-type.application";
		};
/* End PBXNativeTarget section */

/* Begin PBXProject section */
		F64D5DDD27F595D700FAEC13 /* Project object */ = {
			isa = PBXProject;
			attributes = {
				LastSwiftUpdateCheck = 1250;
				LastUpgradeCheck = 1250;
				TargetAttributes = {
					F64D5DE427F595D700FAEC13 = {
						CreatedOnToolsVersion = 12.5.1;
					};
				};
			};
			buildConfigurationList = F64D5DE027F595D700FAEC13 /* Build configuration list for PBXProject "MediaExampleIOS" */;
			compatibilityVersion = "Xcode 9.3";
			developmentRegion = en;
			hasScannedForEncodings = 0;
			knownRegions = (
				en,
				Base,
			);
			mainGroup = F64D5DDC27F595D700FAEC13;
			productRefGroup = F64D5DE627F595D700FAEC13 /* Products */;
			projectDirPath = "";
			projectRoot = "";
			targets = (
				F64D5DE427F595D700FAEC13 /* MediaExampleIOS */,
			);
		};
/* End PBXProject section */

/* Begin PBXResourcesBuildPhase section */
		F64D5DE327F595D700FAEC13 /* Resources */ = {
			isa = PBXResourcesBuildPhase;
			buildActionMask = 2147483647;
			files = (
				F64D5DF027F595DB00FAEC13 /* Preview Assets.xcassets in Resources */,
				F64D5DED27F595DB00FAEC13 /* Assets.xcassets in Resources */,
				69B2143138470551E54D7BB4 /* .gitignore in Resources */,
			);
			runOnlyForDeploymentPostprocessing = 0;
		};
/* End PBXResourcesBuildPhase section */

/* Begin PBXShellScriptBuildPhase section */
		6866F1C9C8E47683D79AD74D /* [CP] Embed Pods Frameworks */ = {
			isa = PBXShellScriptBuildPhase;
			buildActionMask = 2147483647;
			files = (
			);
			inputFileListPaths = (
				"${PODS_ROOT}/Target Support Files/Pods-MediaExampleIOS/Pods-MediaExampleIOS-frameworks-${CONFIGURATION}-input-files.xcfilelist",
			);
			name = "[CP] Embed Pods Frameworks";
			outputFileListPaths = (
				"${PODS_ROOT}/Target Support Files/Pods-MediaExampleIOS/Pods-MediaExampleIOS-frameworks-${CONFIGURATION}-output-files.xcfilelist",
			);
			runOnlyForDeploymentPostprocessing = 0;
			shellPath = /bin/sh;
			shellScript = "\"${PODS_ROOT}/Target Support Files/Pods-MediaExampleIOS/Pods-MediaExampleIOS-frameworks.sh\"\n";
			showEnvVarsInLog = 0;
		};
		F7CEB457DA6652A84BED5EF2 /* [CP] Check Pods Manifest.lock */ = {
			isa = PBXShellScriptBuildPhase;
			buildActionMask = 2147483647;
			files = (
			);
			inputFileListPaths = (
			);
			inputPaths = (
				"${PODS_PODFILE_DIR_PATH}/Podfile.lock",
				"${PODS_ROOT}/Manifest.lock",
			);
			name = "[CP] Check Pods Manifest.lock";
			outputFileListPaths = (
			);
			outputPaths = (
				"$(DERIVED_FILE_DIR)/Pods-MediaExampleIOS-checkManifestLockResult.txt",
			);
			runOnlyForDeploymentPostprocessing = 0;
			shellPath = /bin/sh;
			shellScript = "diff \"${PODS_PODFILE_DIR_PATH}/Podfile.lock\" \"${PODS_ROOT}/Manifest.lock\" > /dev/null\nif [ $? != 0 ] ; then\n    # print error to STDERR\n    echo \"error: The sandbox is not in sync with the Podfile.lock. Run 'pod install' or update your CocoaPods installation.\" >&2\n    exit 1\nfi\n# This output is used by Xcode 'outputs' to avoid re-running this script phase.\necho \"SUCCESS\" > \"${SCRIPT_OUTPUT_FILE_0}\"\n";
			showEnvVarsInLog = 0;
		};
/* End PBXShellScriptBuildPhase section */

/* Begin PBXSourcesBuildPhase section */
		F64D5DE127F595D700FAEC13 /* Sources */ = {
			isa = PBXSourcesBuildPhase;
			buildActionMask = 2147483647;
			files = (
				69B216625AF5E6D97CB3ABEF /* CameraFilter.swift in Sources */,
				69B21CD6E693EBA3C3E6504E /* CameraSession.swift in Sources */,
				69B21E30EF4402824B9B56D2 /* ContentView.swift in Sources */,
				69B213291D1AC8FB1BE41B9B /* DoorView.swift in Sources */,
				69B2175C7D92B33C2DCF4F84 /* DoorViewRepresentation.swift in Sources */,
				69B21E2B814C3B4D3BEC4A6F /* GroupView.swift in Sources */,
				69B21543317FF578D5B44C83 /* GroupViewRepresentation.swift in Sources */,
				69B21F7D6EAC039C09D85635 /* JYSystemAuthorityModel.swift in Sources */,
				69B21AE4049D2A58898EB15F /* MediaSDKApp.swift in Sources */,
				69B2194EBE26E341E7574734 /* P2PView.swift in Sources */,
				69B218DE096BAEEA529002FB /* P2PViewList.swift in Sources */,
				69B216A7E69970F26A9AB38C /* P2PViewRepresentation.swift in Sources */,
				69B21B5F2737921A8D4C46C6 /* ViewRoomOperationController.swift in Sources */,
				69B21EF823A5AD8FC7BA6A64 /* RoomView.swift in Sources */,
				69B21EC30306C07F0B8E9E71 /* RoomViewList.swift in Sources */,
				69B21713B94063F6DD8C7855 /* RoomViewRepresentation.swift in Sources */,
				69B21C955829A2F0C32437A5 /* NSUserDefaultsUtils.swift in Sources */,
				69B2148FA7CE167B315009DD /* RTCRenderView.swift in Sources */,
				69B21C75575833A315A97E80 /* TextTipsAlert.swift in Sources */,
				69B212A898A70F4BF2178FB6 /* ScreenSizeUtil.swift in Sources */,
				69B217B5D355D1CE1C9B0BDA /* TextFieldAlert.swift in Sources */,
			);
			runOnlyForDeploymentPostprocessing = 0;
		};
/* End PBXSourcesBuildPhase section */

/* Begin XCBuildConfiguration section */
		F64D5DF227F595DB00FAEC13 /* Debug */ = {
			isa = XCBuildConfiguration;
			buildSettings = {
				ALWAYS_SEARCH_USER_PATHS = NO;
				CLANG_ANALYZER_NONNULL = YES;
				CLANG_ANALYZER_NUMBER_OBJECT_CONVERSION = YES_AGGRESSIVE;
				CLANG_CXX_LANGUAGE_STANDARD = "gnu++14";
				CLANG_CXX_LIBRARY = "libc++";
				CLANG_ENABLE_MODULES = YES;
				CLANG_ENABLE_OBJC_ARC = YES;
				CLANG_ENABLE_OBJC_WEAK = YES;
				CLANG_WARN_BLOCK_CAPTURE_AUTORELEASING = YES;
				CLANG_WARN_BOOL_CONVERSION = YES;
				CLANG_WARN_COMMA = YES;
				CLANG_WARN_CONSTANT_CONVERSION = YES;
				CLANG_WARN_DEPRECATED_OBJC_IMPLEMENTATIONS = YES;
				CLANG_WARN_DIRECT_OBJC_ISA_USAGE = YES_ERROR;
				CLANG_WARN_DOCUMENTATION_COMMENTS = YES;
				CLANG_WARN_EMPTY_BODY = YES;
				CLANG_WARN_ENUM_CONVERSION = YES;
				CLANG_WARN_INFINITE_RECURSION = YES;
				CLANG_WARN_INT_CONVERSION = YES;
				CLANG_WARN_NON_LITERAL_NULL_CONVERSION = YES;
				CLANG_WARN_OBJC_IMPLICIT_RETAIN_SELF = YES;
				CLANG_WARN_OBJC_LITERAL_CONVERSION = YES;
				CLANG_WARN_OBJC_ROOT_CLASS = YES_ERROR;
				CLANG_WARN_QUOTED_INCLUDE_IN_FRAMEWORK_HEADER = YES;
				CLANG_WARN_RANGE_LOOP_ANALYSIS = YES;
				CLANG_WARN_STRICT_PROTOTYPES = YES;
				CLANG_WARN_SUSPICIOUS_MOVE = YES;
				CLANG_WARN_UNGUARDED_AVAILABILITY = YES_AGGRESSIVE;
				CLANG_WARN_UNREACHABLE_CODE = YES;
				CLANG_WARN__DUPLICATE_METHOD_MATCH = YES;
				COPY_PHASE_STRIP = NO;
				DEBUG_INFORMATION_FORMAT = dwarf;
				ENABLE_BITCODE = NO;
				ENABLE_STRICT_OBJC_MSGSEND = YES;
				ENABLE_TESTABILITY = YES;
				GCC_C_LANGUAGE_STANDARD = gnu11;
				GCC_DYNAMIC_NO_PIC = NO;
				GCC_NO_COMMON_BLOCKS = YES;
				GCC_OPTIMIZATION_LEVEL = 0;
				GCC_PREPROCESSOR_DEFINITIONS = (
					"DEBUG=1",
					"$(inherited)",
				);
				GCC_WARN_64_TO_32_BIT_CONVERSION = YES;
				GCC_WARN_ABOUT_RETURN_TYPE = YES_ERROR;
				GCC_WARN_UNDECLARED_SELECTOR = YES;
				GCC_WARN_UNINITIALIZED_AUTOS = YES_AGGRESSIVE;
				GCC_WARN_UNUSED_FUNCTION = YES;
				GCC_WARN_UNUSED_VARIABLE = YES;
				IPHONEOS_DEPLOYMENT_TARGET = 14.5;
				MTL_ENABLE_DEBUG_INFO = INCLUDE_SOURCE;
				MTL_FAST_MATH = YES;
				ONLY_ACTIVE_ARCH = YES;
				SDKROOT = iphoneos;
				SWIFT_ACTIVE_COMPILATION_CONDITIONS = DEBUG;
				SWIFT_OPTIMIZATION_LEVEL = "-Onone";
			};
			name = Debug;
		};
		F64D5DF327F595DB00FAEC13 /* Release */ = {
			isa = XCBuildConfiguration;
			buildSettings = {
				ALWAYS_SEARCH_USER_PATHS = NO;
				CLANG_ANALYZER_NONNULL = YES;
				CLANG_ANALYZER_NUMBER_OBJECT_CONVERSION = YES_AGGRESSIVE;
				CLANG_CXX_LANGUAGE_STANDARD = "gnu++14";
				CLANG_CXX_LIBRARY = "libc++";
				CLANG_ENABLE_MODULES = YES;
				CLANG_ENABLE_OBJC_ARC = YES;
				CLANG_ENABLE_OBJC_WEAK = YES;
				CLANG_WARN_BLOCK_CAPTURE_AUTORELEASING = YES;
				CLANG_WARN_BOOL_CONVERSION = YES;
				CLANG_WARN_COMMA = YES;
				CLANG_WARN_CONSTANT_CONVERSION = YES;
				CLANG_WARN_DEPRECATED_OBJC_IMPLEMENTATIONS = YES;
				CLANG_WARN_DIRECT_OBJC_ISA_USAGE = YES_ERROR;
				CLANG_WARN_DOCUMENTATION_COMMENTS = YES;
				CLANG_WARN_EMPTY_BODY = YES;
				CLANG_WARN_ENUM_CONVERSION = YES;
				CLANG_WARN_INFINITE_RECURSION = YES;
				CLANG_WARN_INT_CONVERSION = YES;
				CLANG_WARN_NON_LITERAL_NULL_CONVERSION = YES;
				CLANG_WARN_OBJC_IMPLICIT_RETAIN_SELF = YES;
				CLANG_WARN_OBJC_LITERAL_CONVERSION = YES;
				CLANG_WARN_OBJC_ROOT_CLASS = YES_ERROR;
				CLANG_WARN_QUOTED_INCLUDE_IN_FRAMEWORK_HEADER = YES;
				CLANG_WARN_RANGE_LOOP_ANALYSIS = YES;
				CLANG_WARN_STRICT_PROTOTYPES = YES;
				CLANG_WARN_SUSPICIOUS_MOVE = YES;
				CLANG_WARN_UNGUARDED_AVAILABILITY = YES_AGGRESSIVE;
				CLANG_WARN_UNREACHABLE_CODE = YES;
				CLANG_WARN__DUPLICATE_METHOD_MATCH = YES;
				COPY_PHASE_STRIP = NO;
				DEBUG_INFORMATION_FORMAT = "dwarf-with-dsym";
				ENABLE_BITCODE = NO;
				ENABLE_NS_ASSERTIONS = NO;
				ENABLE_STRICT_OBJC_MSGSEND = YES;
				GCC_C_LANGUAGE_STANDARD = gnu11;
				GCC_NO_COMMON_BLOCKS = YES;
				GCC_WARN_64_TO_32_BIT_CONVERSION = YES;
				GCC_WARN_ABOUT_RETURN_TYPE = YES_ERROR;
				GCC_WARN_UNDECLARED_SELECTOR = YES;
				GCC_WARN_UNINITIALIZED_AUTOS = YES_AGGRESSIVE;
				GCC_WARN_UNUSED_FUNCTION = YES;
				GCC_WARN_UNUSED_VARIABLE = YES;
				IPHONEOS_DEPLOYMENT_TARGET = 14.5;
				MTL_ENABLE_DEBUG_INFO = NO;
				MTL_FAST_MATH = YES;
				SDKROOT = iphoneos;
				SWIFT_COMPILATION_MODE = wholemodule;
				SWIFT_OPTIMIZATION_LEVEL = "-O";
				VALIDATE_PRODUCT = YES;
			};
			name = Release;
		};
		F64D5DF527F595DB00FAEC13 /* Debug */ = {
			isa = XCBuildConfiguration;
			baseConfigurationReference = BA60426175ECDADFC53BA250 /* Pods-MediaExampleIOS.debug.xcconfig */;
			buildSettings = {
				ASSETCATALOG_COMPILER_APPICON_NAME = AppIcon;
				ASSETCATALOG_COMPILER_GLOBAL_ACCENT_COLOR_NAME = AccentColor;
				CODE_SIGN_STYLE = Automatic;
				DEVELOPMENT_ASSET_PATHS = "\"MediaExampleIOS/Preview Content\"";
				DEVELOPMENT_TEAM = PUETNY66XG;
				ENABLE_BITCODE = NO;
				ENABLE_PREVIEWS = YES;
				FRAMEWORK_SEARCH_PATHS = (
					"$(inherited)",
					"$(PROJECT_DIR)",
				);
				INFOPLIST_FILE = MediaExampleIOS/Info.plist;
				IPHONEOS_DEPLOYMENT_TARGET = 14.0;
				LD_RUNPATH_SEARCH_PATHS = (
					"$(inherited)",
					"@executable_path/Frameworks",
				);
				PRODUCT_BUNDLE_IDENTIFIER = com.media.MediaExampleIOS;
				PRODUCT_NAME = "$(TARGET_NAME)";
				SWIFT_VERSION = 5.0;
				TARGETED_DEVICE_FAMILY = "1,2";
			};
			name = Debug;
		};
		F64D5DF627F595DB00FAEC13 /* Release */ = {
			isa = XCBuildConfiguration;
			baseConfigurationReference = 6834E419CACECDD6E1FDEBDA /* Pods-MediaExampleIOS.release.xcconfig */;
			buildSettings = {
				ASSETCATALOG_COMPILER_APPICON_NAME = AppIcon;
				ASSETCATALOG_COMPILER_GLOBAL_ACCENT_COLOR_NAME = AccentColor;
				CODE_SIGN_STYLE = Automatic;
				DEVELOPMENT_ASSET_PATHS = "\"MediaExampleIOS/Preview Content\"";
				DEVELOPMENT_TEAM = PUETNY66XG;
				ENABLE_BITCODE = NO;
				ENABLE_PREVIEWS = YES;
				FRAMEWORK_SEARCH_PATHS = (
					"$(inherited)",
					"$(PROJECT_DIR)",
				);
				INFOPLIST_FILE = MediaExampleIOS/Info.plist;
				IPHONEOS_DEPLOYMENT_TARGET = 14.0;
				LD_RUNPATH_SEARCH_PATHS = (
					"$(inherited)",
					"@executable_path/Frameworks",
				);
				PRODUCT_BUNDLE_IDENTIFIER = com.media.MediaExampleIOS;
				PRODUCT_NAME = "$(TARGET_NAME)";
				SWIFT_VERSION = 5.0;
				TARGETED_DEVICE_FAMILY = "1,2";
			};
			name = Release;
		};
/* End XCBuildConfiguration section */

/* Begin XCConfigurationList section */
		F64D5DE027F595D700FAEC13 /* Build configuration list for PBXProject "MediaExampleIOS" */ = {
			isa = XCConfigurationList;
			buildConfigurations = (
				F64D5DF227F595DB00FAEC13 /* Debug */,
				F64D5DF327F595DB00FAEC13 /* Release */,
			);
			defaultConfigurationIsVisible = 0;
			defaultConfigurationName = Release;
		};
		F64D5DF427F595DB00FAEC13 /* Build configuration list for PBXNativeTarget "MediaExampleIOS" */ = {
			isa = XCConfigurationList;
			buildConfigurations = (
				F64D5DF527F595DB00FAEC13 /* Debug */,
				F64D5DF627F595DB00FAEC13 /* Release */,
			);
			defaultConfigurationIsVisible = 0;
			defaultConfigurationName = Release;
		};
/* End XCConfigurationList section */
	};
	rootObject = F64D5DDD27F595D700FAEC13 /* Project object */;
}
